// !$*UTF8*$!
{
	archiveVersion = 1;
	classes = {
	};
	objectVersion = 51;
	objects = {

/* Begin PBXBuildFile section */
		19095A97BF959479480ACD24 /* Pods_StocksData.framework in Frameworks */ = {isa = PBXBuildFile; fileRef = 2E1FF22EA819B1CE3D20C1B4 /* Pods_StocksData.framework */; };
		8D8ADF1A25EE6D450000531A /* AppDelegate.swift in Sources */ = {isa = PBXBuildFile; fileRef = 8D8ADF1925EE6D450000531A /* AppDelegate.swift */; };
		8D8ADF1C25EE6D450000531A /* SceneDelegate.swift in Sources */ = {isa = PBXBuildFile; fileRef = 8D8ADF1B25EE6D450000531A /* SceneDelegate.swift */; };
		8D8ADF2125EE6D450000531A /* Main.storyboard in Resources */ = {isa = PBXBuildFile; fileRef = 8D8ADF1F25EE6D450000531A /* Main.storyboard */; };
		8D8ADF2325EE6D470000531A /* Assets.xcassets in Resources */ = {isa = PBXBuildFile; fileRef = 8D8ADF2225EE6D470000531A /* Assets.xcassets */; };
		8D8ADF2625EE6D470000531A /* LaunchScreen.storyboard in Resources */ = {isa = PBXBuildFile; fileRef = 8D8ADF2425EE6D470000531A /* LaunchScreen.storyboard */; };
		8D8ADF3725EE8F530000531A /* TableViewController.swift in Sources */ = {isa = PBXBuildFile; fileRef = 8D8ADF3625EE8F530000531A /* TableViewController.swift */; };
		8D8ADF3B25EE8F7B0000531A /* TableViewCell.swift in Sources */ = {isa = PBXBuildFile; fileRef = 8D8ADF3925EE8F7B0000531A /* TableViewCell.swift */; };
		8D8ADF3C25EE8F7B0000531A /* TableViewCell.xib in Resources */ = {isa = PBXBuildFile; fileRef = 8D8ADF3A25EE8F7B0000531A /* TableViewCell.xib */; };
		8D8ADF3F25EE8F8B0000531A /* Stocks.swift in Sources */ = {isa = PBXBuildFile; fileRef = 8D8ADF3E25EE8F8B0000531A /* Stocks.swift */; };
		8D8ADF4225EE8F9B0000531A /* Constants.swift in Sources */ = {isa = PBXBuildFile; fileRef = 8D8ADF4125EE8F9B0000531A /* Constants.swift */; };
/* End PBXBuildFile section */

/* Begin PBXFileReference section */
		2E1FF22EA819B1CE3D20C1B4 /* Pods_StocksData.framework */ = {isa = PBXFileReference; explicitFileType = wrapper.framework; includeInIndex = 0; path = Pods_StocksData.framework; sourceTree = BUILT_PRODUCTS_DIR; };
		83179A239A0F5F7A10AEC1C4 /* Pods-StocksData.debug.xcconfig */ = {isa = PBXFileReference; includeInIndex = 1; lastKnownFileType = text.xcconfig; name = "Pods-StocksData.debug.xcconfig"; path = "Target Support Files/Pods-StocksData/Pods-StocksData.debug.xcconfig"; sourceTree = "<group>"; };
		8D8ADF1625EE6D450000531A /* StocksData.app */ = {isa = PBXFileReference; explicitFileType = wrapper.application; includeInIndex = 0; path = StocksData.app; sourceTree = BUILT_PRODUCTS_DIR; };
		8D8ADF1925EE6D450000531A /* AppDelegate.swift */ = {isa = PBXFileReference; lastKnownFileType = sourcecode.swift; path = AppDelegate.swift; sourceTree = "<group>"; };
		8D8ADF1B25EE6D450000531A /* SceneDelegate.swift */ = {isa = PBXFileReference; lastKnownFileType = sourcecode.swift; path = SceneDelegate.swift; sourceTree = "<group>"; };
		8D8ADF2025EE6D450000531A /* Base */ = {isa = PBXFileReference; lastKnownFileType = file.storyboard; name = Base; path = Base.lproj/Main.storyboard; sourceTree = "<group>"; };
		8D8ADF2225EE6D470000531A /* Assets.xcassets */ = {isa = PBXFileReference; lastKnownFileType = folder.assetcatalog; path = Assets.xcassets; sourceTree = "<group>"; };
		8D8ADF2525EE6D470000531A /* Base */ = {isa = PBXFileReference; lastKnownFileType = file.storyboard; name = Base; path = Base.lproj/LaunchScreen.storyboard; sourceTree = "<group>"; };
		8D8ADF2725EE6D470000531A /* Info.plist */ = {isa = PBXFileReference; lastKnownFileType = text.plist.xml; path = Info.plist; sourceTree = "<group>"; };
		8D8ADF3625EE8F530000531A /* TableViewController.swift */ = {isa = PBXFileReference; lastKnownFileType = sourcecode.swift; path = TableViewController.swift; sourceTree = "<group>"; };
		8D8ADF3925EE8F7B0000531A /* TableViewCell.swift */ = {isa = PBXFileReference; lastKnownFileType = sourcecode.swift; path = TableViewCell.swift; sourceTree = "<group>"; };
		8D8ADF3A25EE8F7B0000531A /* TableViewCell.xib */ = {isa = PBXFileReference; lastKnownFileType = file.xib; path = TableViewCell.xib; sourceTree = "<group>"; };
		8D8ADF3E25EE8F8B0000531A /* Stocks.swift */ = {isa = PBXFileReference; lastKnownFileType = sourcecode.swift; path = Stocks.swift; sourceTree = "<group>"; };
		8D8ADF4125EE8F9B0000531A /* Constants.swift */ = {isa = PBXFileReference; lastKnownFileType = sourcecode.swift; path = Constants.swift; sourceTree = "<group>"; };
		9D338032DFF7275F54CABFED /* Pods-StocksData.release.xcconfig */ = {isa = PBXFileReference; includeInIndex = 1; lastKnownFileType = text.xcconfig; name = "Pods-StocksData.release.xcconfig"; path = "Target Support Files/Pods-StocksData/Pods-StocksData.release.xcconfig"; sourceTree = "<group>"; };
/* End PBXFileReference section */

/* Begin PBXFrameworksBuildPhase section */
		8D8ADF1325EE6D450000531A /* Frameworks */ = {
			isa = PBXFrameworksBuildPhase;
			buildActionMask = 2147483647;
			files = (
				19095A97BF959479480ACD24 /* Pods_StocksData.framework in Frameworks */,
			);
			runOnlyForDeploymentPostprocessing = 0;
		};
/* End PBXFrameworksBuildPhase section */

/* Begin PBXGroup section */
		69EAA5EC1B199E07EF26F2DD /* Pods */ = {
			isa = PBXGroup;
			children = (
				83179A239A0F5F7A10AEC1C4 /* Pods-StocksData.debug.xcconfig */,
				9D338032DFF7275F54CABFED /* Pods-StocksData.release.xcconfig */,
			);
			path = Pods;
			sourceTree = "<group>";
		};
		8D8ADF0D25EE6D450000531A = {
			isa = PBXGroup;
			children = (
				8D8ADF1825EE6D450000531A /* StocksData */,
				8D8ADF1725EE6D450000531A /* Products */,
				69EAA5EC1B199E07EF26F2DD /* Pods */,
				D7344CC262FF74D701CE232C /* Frameworks */,
			);
			sourceTree = "<group>";
		};
		8D8ADF1725EE6D450000531A /* Products */ = {
			isa = PBXGroup;
			children = (
				8D8ADF1625EE6D450000531A /* StocksData.app */,
			);
			name = Products;
			sourceTree = "<group>";
		};
		8D8ADF1825EE6D450000531A /* StocksData */ = {
			isa = PBXGroup;
			children = (
				8D8ADF1925EE6D450000531A /* AppDelegate.swift */,
				8D8ADF1B25EE6D450000531A /* SceneDelegate.swift */,
				8D8ADF1F25EE6D450000531A /* Main.storyboard */,
				8D8ADF2225EE6D470000531A /* Assets.xcassets */,
				8D8ADF2425EE6D470000531A /* LaunchScreen.storyboard */,
				8D8ADF2725EE6D470000531A /* Info.plist */,
				8D8ADF3625EE8F530000531A /* TableViewController.swift */,
				8D8ADF3925EE8F7B0000531A /* TableViewCell.swift */,
				8D8ADF3A25EE8F7B0000531A /* TableViewCell.xib */,
				8D8ADF3E25EE8F8B0000531A /* Stocks.swift */,
				8D8ADF4125EE8F9B0000531A /* Constants.swift */,
			);
			path = StocksData;
			sourceTree = "<group>";
		};
		D7344CC262FF74D701CE232C /* Frameworks */ = {
			isa = PBXGroup;
			children = (
				2E1FF22EA819B1CE3D20C1B4 /* Pods_StocksData.framework */,
			);
			name = Frameworks;
			sourceTree = "<group>";
		};
/* End PBXGroup section */

/* Begin PBXNativeTarget section */
		8D8ADF1525EE6D450000531A /* StocksData */ = {
			isa = PBXNativeTarget;
			buildConfigurationList = 8D8ADF2A25EE6D470000531A /* Build configuration list for PBXNativeTarget "StocksData" */;
			buildPhases = (
				FBFFE9A0ED17650A051930D9 /* [CP] Check Pods Manifest.lock */,
				8D8ADF1225EE6D450000531A /* Sources */,
				8D8ADF1325EE6D450000531A /* Frameworks */,
				8D8ADF1425EE6D450000531A /* Resources */,
				F49008077453120257EA4062 /* [CP] Embed Pods Frameworks */,
			);
			buildRules = (
			);
			dependencies = (
			);
			name = StocksData;
			productName = StocksData;
			productReference = 8D8ADF1625EE6D450000531A /* StocksData.app */;
			productType = "com.apple.product-type.application";
		};
/* End PBXNativeTarget section */

/* Begin PBXProject section */
		8D8ADF0E25EE6D450000531A /* Project object */ = {
			isa = PBXProject;
			attributes = {
				LastSwiftUpdateCheck = 1240;
				LastUpgradeCheck = 1240;
				TargetAttributes = {
					8D8ADF1525EE6D450000531A = {
						CreatedOnToolsVersion = 12.4;
					};
				};
			};
			buildConfigurationList = 8D8ADF1125EE6D450000531A /* Build configuration list for PBXProject "StocksData" */;
			compatibilityVersion = "Xcode 9.3";
			developmentRegion = en;
			hasScannedForEncodings = 0;
			knownRegions = (
				en,
				Base,
			);
			mainGroup = 8D8ADF0D25EE6D450000531A;
			productRefGroup = 8D8ADF1725EE6D450000531A /* Products */;
			projectDirPath = "";
			projectRoot = "";
			targets = (
				8D8ADF1525EE6D450000531A /* StocksData */,
			);
		};
/* End PBXProject section */

/* Begin PBXResourcesBuildPhase section */
		8D8ADF1425EE6D450000531A /* Resources */ = {
			isa = PBXResourcesBuildPhase;
			buildActionMask = 2147483647;
			files = (
				8D8ADF2625EE6D470000531A /* LaunchScreen.storyboard in Resources */,
				8D8ADF3C25EE8F7B0000531A /* TableViewCell.xib in Resources */,
				8D8ADF2325EE6D470000531A /* Assets.xcassets in Resources */,
				8D8ADF2125EE6D450000531A /* Main.storyboard in Resources */,
			);
			runOnlyForDeploymentPostprocessing = 0;
		};
/* End PBXResourcesBuildPhase section */

/* Begin PBXShellScriptBuildPhase section */
		F49008077453120257EA4062 /* [CP] Embed Pods Frameworks */ = {
			isa = PBXShellScriptBuildPhase;
			buildActionMask = 2147483647;
			files = (
			);
			inputFileListPaths = (
				"${PODS_ROOT}/Target Support Files/Pods-StocksData/Pods-StocksData-frameworks-${CONFIGURATION}-input-files.xcfilelist",
			);
			name = "[CP] Embed Pods Frameworks";
			outputFileListPaths = (
				"${PODS_ROOT}/Target Support Files/Pods-StocksData/Pods-StocksData-frameworks-${CONFIGURATION}-output-files.xcfilelist",
			);
			runOnlyForDeploymentPostprocessing = 0;
			shellPath = /bin/sh;
			shellScript = "\"${PODS_ROOT}/Target Support Files/Pods-StocksData/Pods-StocksData-frameworks.sh\"\n";
			showEnvVarsInLog = 0;
		};
		FBFFE9A0ED17650A051930D9 /* [CP] Check Pods Manifest.lock */ = {
			isa = PBXShellScriptBuildPhase;
			buildActionMask = 2147483647;
			files = (
			);
			inputFileListPaths = (
			);
			inputPaths = (
				"${PODS_PODFILE_DIR_PATH}/Podfile.lock",
				"${PODS_ROOT}/Manifest.lock",
			);
			name = "[CP] Check Pods Manifest.lock";
			outputFileListPaths = (
			);
			outputPaths = (
				"$(DERIVED_FILE_DIR)/Pods-StocksData-checkManifestLockResult.txt",
			);
			runOnlyForDeploymentPostprocessing = 0;
			shellPath = /bin/sh;
			shellScript = "diff \"${PODS_PODFILE_DIR_PATH}/Podfile.lock\" \"${PODS_ROOT}/Manifest.lock\" > /dev/null\nif [ $? != 0 ] ; then\n    # print error to STDERR\n    echo \"error: The sandbox is not in sync with the Podfile.lock. Run 'pod install' or update your CocoaPods installation.\" >&2\n    exit 1\nfi\n# This output is used by Xcode 'outputs' to avoid re-running this script phase.\necho \"SUCCESS\" > \"${SCRIPT_OUTPUT_FILE_0}\"\n";
			showEnvVarsInLog = 0;
		};
/* End PBXShellScriptBuildPhase section */

/* Begin PBXSourcesBuildPhase section */
		8D8ADF1225EE6D450000531A /* Sources */ = {
			isa = PBXSourcesBuildPhase;
			buildActionMask = 2147483647;
			files = (
				8D8ADF1A25EE6D450000531A /* AppDelegate.swift in Sources */,
				8D8ADF3B25EE8F7B0000531A /* TableViewCell.swift in Sources */,
				8D8ADF3725EE8F530000531A /* TableViewController.swift in Sources */,
				8D8ADF1C25EE6D450000531A /* SceneDelegate.swift in Sources */,
				8D8ADF3F25EE8F8B0000531A /* Stocks.swift in Sources */,
				8D8ADF4225EE8F9B0000531A /* Constants.swift in Sources */,
			);
			runOnlyForDeploymentPostprocessing = 0;
		};
/* End PBXSourcesBuildPhase section */

/* Begin PBXVariantGroup section */
		8D8ADF1F25EE6D450000531A /* Main.storyboard */ = {
			isa = PBXVariantGroup;
			children = (
				8D8ADF2025EE6D450000531A /* Base */,
			);
			name = Main.storyboard;
			sourceTree = "<group>";
		};
		8D8ADF2425EE6D470000531A /* LaunchScreen.storyboard */ = {
			isa = PBXVariantGroup;
			children = (
				8D8ADF2525EE6D470000531A /* Base */,
			);
			name = LaunchScreen.storyboard;
			sourceTree = "<group>";
		};
/* End PBXVariantGroup section */

/* Begin XCBuildConfiguration section */
		8D8ADF2825EE6D470000531A /* Debug */ = {
			isa = XCBuildConfiguration;
			buildSettings = {
				ALWAYS_SEARCH_USER_PATHS = NO;
				CLANG_ANALYZER_NONNULL = YES;
				CLANG_ANALYZER_NUMBER_OBJECT_CONVERSION = YES_AGGRESSIVE;
				CLANG_CXX_LANGUAGE_STANDARD = "gnu++14";
				CLANG_CXX_LIBRARY = "libc++";
				CLANG_ENABLE_MODULES = YES;
				CLANG_ENABLE_OBJC_ARC = YES;
				CLANG_ENABLE_OBJC_WEAK = YES;
				CLANG_WARN_BLOCK_CAPTURE_AUTORELEASING = YES;
				CLANG_WARN_BOOL_CONVERSION = YES;
				CLANG_WARN_COMMA = YES;
				CLANG_WARN_CONSTANT_CONVERSION = YES;
				CLANG_WARN_DEPRECATED_OBJC_IMPLEMENTATIONS = YES;
				CLANG_WARN_DIRECT_OBJC_ISA_USAGE = YES_ERROR;
				CLANG_WARN_DOCUMENTATION_COMMENTS = YES;
				CLANG_WARN_EMPTY_BODY = YES;
				CLANG_WARN_ENUM_CONVERSION = YES;
				CLANG_WARN_INFINITE_RECURSION = YES;
				CLANG_WARN_INT_CONVERSION = YES;
				CLANG_WARN_NON_LITERAL_NULL_CONVERSION = YES;
				CLANG_WARN_OBJC_IMPLICIT_RETAIN_SELF = YES;
				CLANG_WARN_OBJC_LITERAL_CONVERSION = YES;
				CLANG_WARN_OBJC_ROOT_CLASS = YES_ERROR;
				CLANG_WARN_QUOTED_INCLUDE_IN_FRAMEWORK_HEADER = YES;
				CLANG_WARN_RANGE_LOOP_ANALYSIS = YES;
				CLANG_WARN_STRICT_PROTOTYPES = YES;
				CLANG_WARN_SUSPICIOUS_MOVE = YES;
				CLANG_WARN_UNGUARDED_AVAILABILITY = YES_AGGRESSIVE;
				CLANG_WARN_UNREACHABLE_CODE = YES;
				CLANG_WARN__DUPLICATE_METHOD_MATCH = YES;
				COPY_PHASE_STRIP = NO;
				DEBUG_INFORMATION_FORMAT = dwarf;
				ENABLE_STRICT_OBJC_MSGSEND = YES;
				ENABLE_TESTABILITY = YES;
				GCC_C_LANGUAGE_STANDARD = gnu11;
				GCC_DYNAMIC_NO_PIC = NO;
				GCC_NO_COMMON_BLOCKS = YES;
				GCC_OPTIMIZATION_LEVEL = 0;
				GCC_PREPROCESSOR_DEFINITIONS = (
					"DEBUG=1",
					"$(inherited)",
				);
				GCC_WARN_64_TO_32_BIT_CONVERSION = YES;
				GCC_WARN_ABOUT_RETURN_TYPE = YES_ERROR;
				GCC_WARN_UNDECLARED_SELECTOR = YES;
				GCC_WARN_UNINITIALIZED_AUTOS = YES_AGGRESSIVE;
				GCC_WARN_UNUSED_FUNCTION = YES;
				GCC_WARN_UNUSED_VARIABLE = YES;
				IPHONEOS_DEPLOYMENT_TARGET = 14.4;
				MTL_ENABLE_DEBUG_INFO = INCLUDE_SOURCE;
				MTL_FAST_MATH = YES;
				ONLY_ACTIVE_ARCH = YES;
				SDKROOT = iphoneos;
				SWIFT_ACTIVE_COMPILATION_CONDITIONS = DEBUG;
				SWIFT_OPTIMIZATION_LEVEL = "-Onone";
			};
			name = Debug;
		};
		8D8ADF2925EE6D470000531A /* Release */ = {
			isa = XCBuildConfiguration;
			buildSettings = {
				ALWAYS_SEARCH_USER_PATHS = NO;
				CLANG_ANALYZER_NONNULL = YES;
				CLANG_ANALYZER_NUMBER_OBJECT_CONVERSION = YES_AGGRESSIVE;
				CLANG_CXX_LANGUAGE_STANDARD = "gnu++14";
				CLANG_CXX_LIBRARY = "libc++";
				CLANG_ENABLE_MODULES = YES;
				CLANG_ENABLE_OBJC_ARC = YES;
				CLANG_ENABLE_OBJC_WEAK = YES;
				CLANG_WARN_BLOCK_CAPTURE_AUTORELEASING = YES;
				CLANG_WARN_BOOL_CONVERSION = YES;
				CLANG_WARN_COMMA = YES;
				CLANG_WARN_CONSTANT_CONVERSION = YES;
				CLANG_WARN_DEPRECATED_OBJC_IMPLEMENTATIONS = YES;
				CLANG_WARN_DIRECT_OBJC_ISA_USAGE = YES_ERROR;
				CLANG_WARN_DOCUMENTATION_COMMENTS = YES;
				CLANG_WARN_EMPTY_BODY = YES;
				CLANG_WARN_ENUM_CONVERSION = YES;
				CLANG_WARN_INFINITE_RECURSION = YES;
				CLANG_WARN_INT_CONVERSION = YES;
				CLANG_WARN_NON_LITERAL_NULL_CONVERSION = YES;
				CLANG_WARN_OBJC_IMPLICIT_RETAIN_SELF = YES;
				CLANG_WARN_OBJC_LITERAL_CONVERSION = YES;
				CLANG_WARN_OBJC_ROOT_CLASS = YES_ERROR;
				CLANG_WARN_QUOTED_INCLUDE_IN_FRAMEWORK_HEADER = YES;
				CLANG_WARN_RANGE_LOOP_ANALYSIS = YES;
				CLANG_WARN_STRICT_PROTOTYPES = YES;
				CLANG_WARN_SUSPICIOUS_MOVE = YES;
				CLANG_WARN_UNGUARDED_AVAILABILITY = YES_AGGRESSIVE;
				CLANG_WARN_UNREACHABLE_CODE = YES;
				CLANG_WARN__DUPLICATE_METHOD_MATCH = YES;
				COPY_PHASE_STRIP = NO;
				DEBUG_INFORMATION_FORMAT = "dwarf-with-dsym";
				ENABLE_NS_ASSERTIONS = NO;
				ENABLE_STRICT_OBJC_MSGSEND = YES;
				GCC_C_LANGUAGE_STANDARD = gnu11;
				GCC_NO_COMMON_BLOCKS = YES;
				GCC_WARN_64_TO_32_BIT_CONVERSION = YES;
				GCC_WARN_ABOUT_RETURN_TYPE = YES_ERROR;
				GCC_WARN_UNDECLARED_SELECTOR = YES;
				GCC_WARN_UNINITIALIZED_AUTOS = YES_AGGRESSIVE;
				GCC_WARN_UNUSED_FUNCTION = YES;
				GCC_WARN_UNUSED_VARIABLE = YES;
				IPHONEOS_DEPLOYMENT_TARGET = 14.4;
				MTL_ENABLE_DEBUG_INFO = NO;
				MTL_FAST_MATH = YES;
				SDKROOT = iphoneos;
				SWIFT_COMPILATION_MODE = wholemodule;
				SWIFT_OPTIMIZATION_LEVEL = "-O";
				VALIDATE_PRODUCT = YES;
			};
			name = Release;
		};
		8D8ADF2B25EE6D470000531A /* Debug */ = {
			isa = XCBuildConfiguration;
			baseConfigurationReference = 83179A239A0F5F7A10AEC1C4 /* Pods-StocksData.debug.xcconfig */;
			buildSettings = {
				ASSETCATALOG_COMPILER_APPICON_NAME = AppIcon;
				ASSETCATALOG_COMPILER_GLOBAL_ACCENT_COLOR_NAME = AccentColor;
				CODE_SIGN_STYLE = Automatic;
				INFOPLIST_FILE = StocksData/Info.plist;
				LD_RUNPATH_SEARCH_PATHS = (
					"$(inherited)",
					"@executable_path/Frameworks",
				);
				PRODUCT_BUNDLE_IDENTIFIER = edu.northeastern.hu.jiac.StocksData;
				PRODUCT_NAME = "$(TARGET_NAME)";
				SWIFT_VERSION = 5.0;
				TARGETED_DEVICE_FAMILY = "1,2";
			};
			name = Debug;
		};
		8D8ADF2C25EE6D470000531A /* Release */ = {
			isa = XCBuildConfiguration;
			baseConfigurationReference = 9D338032DFF7275F54CABFED /* Pods-StocksData.release.xcconfig */;
			buildSettings = {
				ASSETCATALOG_COMPILER_APPICON_NAME = AppIcon;
				ASSETCATALOG_COMPILER_GLOBAL_ACCENT_COLOR_NAME = AccentColor;
				CODE_SIGN_STYLE = Automatic;
				INFOPLIST_FILE = StocksData/Info.plist;
				LD_RUNPATH_SEARCH_PATHS = (
					"$(inherited)",
					"@executable_path/Frameworks",
				);
				PRODUCT_BUNDLE_IDENTIFIER = edu.northeastern.hu.jiac.StocksData;
				PRODUCT_NAME = "$(TARGET_NAME)";
				SWIFT_VERSION = 5.0;
				TARGETED_DEVICE_FAMILY = "1,2";
			};
			name = Release;
		};
/* End XCBuildConfiguration section */

/* Begin XCConfigurationList section */
		8D8ADF1125EE6D450000531A /* Build configuration list for PBXProject "StocksData" */ = {
			isa = XCConfigurationList;
			buildConfigurations = (
				8D8ADF2825EE6D470000531A /* Debug */,
				8D8ADF2925EE6D470000531A /* Release */,
			);
			defaultConfigurationIsVisible = 0;
			defaultConfigurationName = Release;
		};
		8D8ADF2A25EE6D470000531A /* Build configuration list for PBXNativeTarget "StocksData" */ = {
			isa = XCConfigurationList;
			buildConfigurations = (
				8D8ADF2B25EE6D470000531A /* Debug */,
				8D8ADF2C25EE6D470000531A /* Release */,
			);
			defaultConfigurationIsVisible = 0;
			defaultConfigurationName = Release;
		};
/* End XCConfigurationList section */
	};
	rootObject = 8D8ADF0E25EE6D450000531A /* Project object */;
}
