// !$*UTF8*$!
{
	archiveVersion = 1;
	classes = {
	};
	objectVersion = 50;
	objects = {

/* Begin PBXBuildFile section */
		218FDC3658F4531FE17A5675 /* Pods_GetStockValues.framework in Frameworks */ = {isa = PBXBuildFile; fileRef = 440F7D1DDABE8D8BC088CB1E /* Pods_GetStockValues.framework */; };
		8DBDE58F25E152500011E489 /* AppDelegate.swift in Sources */ = {isa = PBXBuildFile; fileRef = 8DBDE58E25E152500011E489 /* AppDelegate.swift */; };
		8DBDE59125E152500011E489 /* SceneDelegate.swift in Sources */ = {isa = PBXBuildFile; fileRef = 8DBDE59025E152500011E489 /* SceneDelegate.swift */; };
		8DBDE59325E152500011E489 /* ViewController.swift in Sources */ = {isa = PBXBuildFile; fileRef = 8DBDE59225E152500011E489 /* ViewController.swift */; };
		8DBDE59625E152500011E489 /* Main.storyboard in Resources */ = {isa = PBXBuildFile; fileRef = 8DBDE59425E152500011E489 /* Main.storyboard */; };
		8DBDE59825E152510011E489 /* Assets.xcassets in Resources */ = {isa = PBXBuildFile; fileRef = 8DBDE59725E152510011E489 /* Assets.xcassets */; };
		8DBDE59B25E152510011E489 /* LaunchScreen.storyboard in Resources */ = {isa = PBXBuildFile; fileRef = 8DBDE59925E152510011E489 /* LaunchScreen.storyboard */; };
		8DBDE5A425E152640011E489 /* Constant.swift in Sources */ = {isa = PBXBuildFile; fileRef = 8DBDE5A325E152640011E489 /* Constant.swift */; };
/* End PBXBuildFile section */

/* Begin PBXFileReference section */
		440F7D1DDABE8D8BC088CB1E /* Pods_GetStockValues.framework */ = {isa = PBXFileReference; explicitFileType = wrapper.framework; includeInIndex = 0; path = Pods_GetStockValues.framework; sourceTree = BUILT_PRODUCTS_DIR; };
		816970CA485C22697F355774 /* Pods-GetStockValues.debug.xcconfig */ = {isa = PBXFileReference; includeInIndex = 1; lastKnownFileType = text.xcconfig; name = "Pods-GetStockValues.debug.xcconfig"; path = "Target Support Files/Pods-GetStockValues/Pods-GetStockValues.debug.xcconfig"; sourceTree = "<group>"; };
		8DBDE58B25E152500011E489 /* GetStockValues.app */ = {isa = PBXFileReference; explicitFileType = wrapper.application; includeInIndex = 0; path = GetStockValues.app; sourceTree = BUILT_PRODUCTS_DIR; };
		8DBDE58E25E152500011E489 /* AppDelegate.swift */ = {isa = PBXFileReference; lastKnownFileType = sourcecode.swift; path = AppDelegate.swift; sourceTree = "<group>"; };
		8DBDE59025E152500011E489 /* SceneDelegate.swift */ = {isa = PBXFileReference; lastKnownFileType = sourcecode.swift; path = SceneDelegate.swift; sourceTree = "<group>"; };
		8DBDE59225E152500011E489 /* ViewController.swift */ = {isa = PBXFileReference; lastKnownFileType = sourcecode.swift; path = ViewController.swift; sourceTree = "<group>"; };
		8DBDE59525E152500011E489 /* Base */ = {isa = PBXFileReference; lastKnownFileType = file.storyboard; name = Base; path = Base.lproj/Main.storyboard; sourceTree = "<group>"; };
		8DBDE59725E152510011E489 /* Assets.xcassets */ = {isa = PBXFileReference; lastKnownFileType = folder.assetcatalog; path = Assets.xcassets; sourceTree = "<group>"; };
		8DBDE59A25E152510011E489 /* Base */ = {isa = PBXFileReference; lastKnownFileType = file.storyboard; name = Base; path = Base.lproj/LaunchScreen.storyboard; sourceTree = "<group>"; };
		8DBDE59C25E152510011E489 /* Info.plist */ = {isa = PBXFileReference; lastKnownFileType = text.plist.xml; path = Info.plist; sourceTree = "<group>"; };
		8DBDE5A325E152640011E489 /* Constant.swift */ = {isa = PBXFileReference; lastKnownFileType = sourcecode.swift; path = Constant.swift; sourceTree = "<group>"; };
		B48874E6118B581649DE4F48 /* Pods-GetStockValues.release.xcconfig */ = {isa = PBXFileReference; includeInIndex = 1; lastKnownFileType = text.xcconfig; name = "Pods-GetStockValues.release.xcconfig"; path = "Target Support Files/Pods-GetStockValues/Pods-GetStockValues.release.xcconfig"; sourceTree = "<group>"; };
/* End PBXFileReference section */

/* Begin PBXFrameworksBuildPhase section */
		8DBDE58825E152500011E489 /* Frameworks */ = {
			isa = PBXFrameworksBuildPhase;
			buildActionMask = 2147483647;
			files = (
				218FDC3658F4531FE17A5675 /* Pods_GetStockValues.framework in Frameworks */,
			);
			runOnlyForDeploymentPostprocessing = 0;
		};
/* End PBXFrameworksBuildPhase section */

/* Begin PBXGroup section */
		8DBDE58225E152500011E489 = {
			isa = PBXGroup;
			children = (
				8DBDE58D25E152500011E489 /* GetStockValues */,
				8DBDE58C25E152500011E489 /* Products */,
				E3202E12B62AF46CDD5158AA /* Pods */,
				917F6264FD6CB700BBC241AB /* Frameworks */,
			);
			sourceTree = "<group>";
		};
		8DBDE58C25E152500011E489 /* Products */ = {
			isa = PBXGroup;
			children = (
				8DBDE58B25E152500011E489 /* GetStockValues.app */,
			);
			name = Products;
			sourceTree = "<group>";
		};
		8DBDE58D25E152500011E489 /* GetStockValues */ = {
			isa = PBXGroup;
			children = (
				8DBDE58E25E152500011E489 /* AppDelegate.swift */,
				8DBDE59025E152500011E489 /* SceneDelegate.swift */,
				8DBDE59225E152500011E489 /* ViewController.swift */,
				8DBDE59425E152500011E489 /* Main.storyboard */,
				8DBDE59725E152510011E489 /* Assets.xcassets */,
				8DBDE59925E152510011E489 /* LaunchScreen.storyboard */,
				8DBDE59C25E152510011E489 /* Info.plist */,
				8DBDE5A325E152640011E489 /* Constant.swift */,
			);
			path = GetStockValues;
			sourceTree = "<group>";
		};
		917F6264FD6CB700BBC241AB /* Frameworks */ = {
			isa = PBXGroup;
			children = (
				440F7D1DDABE8D8BC088CB1E /* Pods_GetStockValues.framework */,
			);
			name = Frameworks;
			sourceTree = "<group>";
		};
		E3202E12B62AF46CDD5158AA /* Pods */ = {
			isa = PBXGroup;
			children = (
				816970CA485C22697F355774 /* Pods-GetStockValues.debug.xcconfig */,
				B48874E6118B581649DE4F48 /* Pods-GetStockValues.release.xcconfig */,
			);
			name = Pods;
			path = Pods;
			sourceTree = "<group>";
		};
/* End PBXGroup section */

/* Begin PBXNativeTarget section */
		8DBDE58A25E152500011E489 /* GetStockValues */ = {
			isa = PBXNativeTarget;
			buildConfigurationList = 8DBDE59F25E152510011E489 /* Build configuration list for PBXNativeTarget "GetStockValues" */;
			buildPhases = (
				3ED57603D18EF4ED7A511135 /* [CP] Check Pods Manifest.lock */,
				8DBDE58725E152500011E489 /* Sources */,
				8DBDE58825E152500011E489 /* Frameworks */,
				8DBDE58925E152500011E489 /* Resources */,
				2062F274E89D0A39C0E4C558 /* [CP] Embed Pods Frameworks */,
			);
			buildRules = (
			);
			dependencies = (
			);
			name = GetStockValues;
			productName = GetStockValues;
			productReference = 8DBDE58B25E152500011E489 /* GetStockValues.app */;
			productType = "com.apple.product-type.application";
		};
/* End PBXNativeTarget section */

/* Begin PBXProject section */
		8DBDE58325E152500011E489 /* Project object */ = {
			isa = PBXProject;
			attributes = {
				LastSwiftUpdateCheck = 1240;
				LastUpgradeCheck = 1240;
				TargetAttributes = {
					8DBDE58A25E152500011E489 = {
						CreatedOnToolsVersion = 12.4;
					};
				};
			};
			buildConfigurationList = 8DBDE58625E152500011E489 /* Build configuration list for PBXProject "GetStockValues" */;
			compatibilityVersion = "Xcode 9.3";
			developmentRegion = en;
			hasScannedForEncodings = 0;
			knownRegions = (
				en,
				Base,
			);
			mainGroup = 8DBDE58225E152500011E489;
			productRefGroup = 8DBDE58C25E152500011E489 /* Products */;
			projectDirPath = "";
			projectRoot = "";
			targets = (
				8DBDE58A25E152500011E489 /* GetStockValues */,
			);
		};
/* End PBXProject section */

/* Begin PBXResourcesBuildPhase section */
		8DBDE58925E152500011E489 /* Resources */ = {
			isa = PBXResourcesBuildPhase;
			buildActionMask = 2147483647;
			files = (
				8DBDE59B25E152510011E489 /* LaunchScreen.storyboard in Resources */,
				8DBDE59825E152510011E489 /* Assets.xcassets in Resources */,
				8DBDE59625E152500011E489 /* Main.storyboard in Resources */,
			);
			runOnlyForDeploymentPostprocessing = 0;
		};
/* End PBXResourcesBuildPhase section */

/* Begin PBXShellScriptBuildPhase section */
		2062F274E89D0A39C0E4C558 /* [CP] Embed Pods Frameworks */ = {
			isa = PBXShellScriptBuildPhase;
			buildActionMask = 2147483647;
			files = (
			);
			inputFileListPaths = (
				"${PODS_ROOT}/Target Support Files/Pods-GetStockValues/Pods-GetStockValues-frameworks-${CONFIGURATION}-input-files.xcfilelist",
			);
			name = "[CP] Embed Pods Frameworks";
			outputFileListPaths = (
				"${PODS_ROOT}/Target Support Files/Pods-GetStockValues/Pods-GetStockValues-frameworks-${CONFIGURATION}-output-files.xcfilelist",
			);
			runOnlyForDeploymentPostprocessing = 0;
			shellPath = /bin/sh;
			shellScript = "\"${PODS_ROOT}/Target Support Files/Pods-GetStockValues/Pods-GetStockValues-frameworks.sh\"\n";
			showEnvVarsInLog = 0;
		};
		3ED57603D18EF4ED7A511135 /* [CP] Check Pods Manifest.lock */ = {
			isa = PBXShellScriptBuildPhase;
			buildActionMask = 2147483647;
			files = (
			);
			inputFileListPaths = (
			);
			inputPaths = (
				"${PODS_PODFILE_DIR_PATH}/Podfile.lock",
				"${PODS_ROOT}/Manifest.lock",
			);
			name = "[CP] Check Pods Manifest.lock";
			outputFileListPaths = (
			);
			outputPaths = (
				"$(DERIVED_FILE_DIR)/Pods-GetStockValues-checkManifestLockResult.txt",
			);
			runOnlyForDeploymentPostprocessing = 0;
			shellPath = /bin/sh;
			shellScript = "diff \"${PODS_PODFILE_DIR_PATH}/Podfile.lock\" \"${PODS_ROOT}/Manifest.lock\" > /dev/null\nif [ $? != 0 ] ; then\n    # print error to STDERR\n    echo \"error: The sandbox is not in sync with the Podfile.lock. Run 'pod install' or update your CocoaPods installation.\" >&2\n    exit 1\nfi\n# This output is used by Xcode 'outputs' to avoid re-running this script phase.\necho \"SUCCESS\" > \"${SCRIPT_OUTPUT_FILE_0}\"\n";
			showEnvVarsInLog = 0;
		};
/* End PBXShellScriptBuildPhase section */

/* Begin PBXSourcesBuildPhase section */
		8DBDE58725E152500011E489 /* Sources */ = {
			isa = PBXSourcesBuildPhase;
			buildActionMask = 2147483647;
			files = (
				8DBDE59325E152500011E489 /* ViewController.swift in Sources */,
				8DBDE58F25E152500011E489 /* AppDelegate.swift in Sources */,
				8DBDE59125E152500011E489 /* SceneDelegate.swift in Sources */,
				8DBDE5A425E152640011E489 /* Constant.swift in Sources */,
			);
			runOnlyForDeploymentPostprocessing = 0;
		};
/* End PBXSourcesBuildPhase section */

/* Begin PBXVariantGroup section */
		8DBDE59425E152500011E489 /* Main.storyboard */ = {
			isa = PBXVariantGroup;
			children = (
				8DBDE59525E152500011E489 /* Base */,
			);
			name = Main.storyboard;
			sourceTree = "<group>";
		};
		8DBDE59925E152510011E489 /* LaunchScreen.storyboard */ = {
			isa = PBXVariantGroup;
			children = (
				8DBDE59A25E152510011E489 /* Base */,
			);
			name = LaunchScreen.storyboard;
			sourceTree = "<group>";
		};
/* End PBXVariantGroup section */

/* Begin XCBuildConfiguration section */
		8DBDE59D25E152510011E489 /* Debug */ = {
			isa = XCBuildConfiguration;
			buildSettings = {
				ALWAYS_SEARCH_USER_PATHS = NO;
				CLANG_ANALYZER_NONNULL = YES;
				CLANG_ANALYZER_NUMBER_OBJECT_CONVERSION = YES_AGGRESSIVE;
				CLANG_CXX_LANGUAGE_STANDARD = "gnu++14";
				CLANG_CXX_LIBRARY = "libc++";
				CLANG_ENABLE_MODULES = YES;
				CLANG_ENABLE_OBJC_ARC = YES;
				CLANG_ENABLE_OBJC_WEAK = YES;
				CLANG_WARN_BLOCK_CAPTURE_AUTORELEASING = YES;
				CLANG_WARN_BOOL_CONVERSION = YES;
				CLANG_WARN_COMMA = YES;
				CLANG_WARN_CONSTANT_CONVERSION = YES;
				CLANG_WARN_DEPRECATED_OBJC_IMPLEMENTATIONS = YES;
				CLANG_WARN_DIRECT_OBJC_ISA_USAGE = YES_ERROR;
				CLANG_WARN_DOCUMENTATION_COMMENTS = YES;
				CLANG_WARN_EMPTY_BODY = YES;
				CLANG_WARN_ENUM_CONVERSION = YES;
				CLANG_WARN_INFINITE_RECURSION = YES;
				CLANG_WARN_INT_CONVERSION = YES;
				CLANG_WARN_NON_LITERAL_NULL_CONVERSION = YES;
				CLANG_WARN_OBJC_IMPLICIT_RETAIN_SELF = YES;
				CLANG_WARN_OBJC_LITERAL_CONVERSION = YES;
				CLANG_WARN_OBJC_ROOT_CLASS = YES_ERROR;
				CLANG_WARN_QUOTED_INCLUDE_IN_FRAMEWORK_HEADER = YES;
				CLANG_WARN_RANGE_LOOP_ANALYSIS = YES;
				CLANG_WARN_STRICT_PROTOTYPES = YES;
				CLANG_WARN_SUSPICIOUS_MOVE = YES;
				CLANG_WARN_UNGUARDED_AVAILABILITY = YES_AGGRESSIVE;
				CLANG_WARN_UNREACHABLE_CODE = YES;
				CLANG_WARN__DUPLICATE_METHOD_MATCH = YES;
				COPY_PHASE_STRIP = NO;
				DEBUG_INFORMATION_FORMAT = dwarf;
				ENABLE_STRICT_OBJC_MSGSEND = YES;
				ENABLE_TESTABILITY = YES;
				GCC_C_LANGUAGE_STANDARD = gnu11;
				GCC_DYNAMIC_NO_PIC = NO;
				GCC_NO_COMMON_BLOCKS = YES;
				GCC_OPTIMIZATION_LEVEL = 0;
				GCC_PREPROCESSOR_DEFINITIONS = (
					"DEBUG=1",
					"$(inherited)",
				);
				GCC_WARN_64_TO_32_BIT_CONVERSION = YES;
				GCC_WARN_ABOUT_RETURN_TYPE = YES_ERROR;
				GCC_WARN_UNDECLARED_SELECTOR = YES;
				GCC_WARN_UNINITIALIZED_AUTOS = YES_AGGRESSIVE;
				GCC_WARN_UNUSED_FUNCTION = YES;
				GCC_WARN_UNUSED_VARIABLE = YES;
				IPHONEOS_DEPLOYMENT_TARGET = 14.4;
				MTL_ENABLE_DEBUG_INFO = INCLUDE_SOURCE;
				MTL_FAST_MATH = YES;
				ONLY_ACTIVE_ARCH = YES;
				SDKROOT = iphoneos;
				SWIFT_ACTIVE_COMPILATION_CONDITIONS = DEBUG;
				SWIFT_OPTIMIZATION_LEVEL = "-Onone";
			};
			name = Debug;
		};
		8DBDE59E25E152510011E489 /* Release */ = {
			isa = XCBuildConfiguration;
			buildSettings = {
				ALWAYS_SEARCH_USER_PATHS = NO;
				CLANG_ANALYZER_NONNULL = YES;
				CLANG_ANALYZER_NUMBER_OBJECT_CONVERSION = YES_AGGRESSIVE;
				CLANG_CXX_LANGUAGE_STANDARD = "gnu++14";
				CLANG_CXX_LIBRARY = "libc++";
				CLANG_ENABLE_MODULES = YES;
				CLANG_ENABLE_OBJC_ARC = YES;
				CLANG_ENABLE_OBJC_WEAK = YES;
				CLANG_WARN_BLOCK_CAPTURE_AUTORELEASING = YES;
				CLANG_WARN_BOOL_CONVERSION = YES;
				CLANG_WARN_COMMA = YES;
				CLANG_WARN_CONSTANT_CONVERSION = YES;
				CLANG_WARN_DEPRECATED_OBJC_IMPLEMENTATIONS = YES;
				CLANG_WARN_DIRECT_OBJC_ISA_USAGE = YES_ERROR;
				CLANG_WARN_DOCUMENTATION_COMMENTS = YES;
				CLANG_WARN_EMPTY_BODY = YES;
				CLANG_WARN_ENUM_CONVERSION = YES;
				CLANG_WARN_INFINITE_RECURSION = YES;
				CLANG_WARN_INT_CONVERSION = YES;
				CLANG_WARN_NON_LITERAL_NULL_CONVERSION = YES;
				CLANG_WARN_OBJC_IMPLICIT_RETAIN_SELF = YES;
				CLANG_WARN_OBJC_LITERAL_CONVERSION = YES;
				CLANG_WARN_OBJC_ROOT_CLASS = YES_ERROR;
				CLANG_WARN_QUOTED_INCLUDE_IN_FRAMEWORK_HEADER = YES;
				CLANG_WARN_RANGE_LOOP_ANALYSIS = YES;
				CLANG_WARN_STRICT_PROTOTYPES = YES;
				CLANG_WARN_SUSPICIOUS_MOVE = YES;
				CLANG_WARN_UNGUARDED_AVAILABILITY = YES_AGGRESSIVE;
				CLANG_WARN_UNREACHABLE_CODE = YES;
				CLANG_WARN__DUPLICATE_METHOD_MATCH = YES;
				COPY_PHASE_STRIP = NO;
				DEBUG_INFORMATION_FORMAT = "dwarf-with-dsym";
				ENABLE_NS_ASSERTIONS = NO;
				ENABLE_STRICT_OBJC_MSGSEND = YES;
				GCC_C_LANGUAGE_STANDARD = gnu11;
				GCC_NO_COMMON_BLOCKS = YES;
				GCC_WARN_64_TO_32_BIT_CONVERSION = YES;
				GCC_WARN_ABOUT_RETURN_TYPE = YES_ERROR;
				GCC_WARN_UNDECLARED_SELECTOR = YES;
				GCC_WARN_UNINITIALIZED_AUTOS = YES_AGGRESSIVE;
				GCC_WARN_UNUSED_FUNCTION = YES;
				GCC_WARN_UNUSED_VARIABLE = YES;
				IPHONEOS_DEPLOYMENT_TARGET = 14.4;
				MTL_ENABLE_DEBUG_INFO = NO;
				MTL_FAST_MATH = YES;
				SDKROOT = iphoneos;
				SWIFT_COMPILATION_MODE = wholemodule;
				SWIFT_OPTIMIZATION_LEVEL = "-O";
				VALIDATE_PRODUCT = YES;
			};
			name = Release;
		};
		8DBDE5A025E152510011E489 /* Debug */ = {
			isa = XCBuildConfiguration;
			baseConfigurationReference = 816970CA485C22697F355774 /* Pods-GetStockValues.debug.xcconfig */;
			buildSettings = {
				ASSETCATALOG_COMPILER_APPICON_NAME = AppIcon;
				ASSETCATALOG_COMPILER_GLOBAL_ACCENT_COLOR_NAME = AccentColor;
				CODE_SIGN_STYLE = Automatic;
				INFOPLIST_FILE = GetStockValues/Info.plist;
				LD_RUNPATH_SEARCH_PATHS = (
					"$(inherited)",
					"@executable_path/Frameworks",
				);
				PRODUCT_BUNDLE_IDENTIFIER = edu.northeastern.hu.jiac.GetStockValues;
				PRODUCT_NAME = "$(TARGET_NAME)";
				SWIFT_VERSION = 5.0;
				TARGETED_DEVICE_FAMILY = "1,2";
			};
			name = Debug;
		};
		8DBDE5A125E152510011E489 /* Release */ = {
			isa = XCBuildConfiguration;
			baseConfigurationReference = B48874E6118B581649DE4F48 /* Pods-GetStockValues.release.xcconfig */;
			buildSettings = {
				ASSETCATALOG_COMPILER_APPICON_NAME = AppIcon;
				ASSETCATALOG_COMPILER_GLOBAL_ACCENT_COLOR_NAME = AccentColor;
				CODE_SIGN_STYLE = Automatic;
				INFOPLIST_FILE = GetStockValues/Info.plist;
				LD_RUNPATH_SEARCH_PATHS = (
					"$(inherited)",
					"@executable_path/Frameworks",
				);
				PRODUCT_BUNDLE_IDENTIFIER = edu.northeastern.hu.jiac.GetStockValues;
				PRODUCT_NAME = "$(TARGET_NAME)";
				SWIFT_VERSION = 5.0;
				TARGETED_DEVICE_FAMILY = "1,2";
			};
			name = Release;
		};
/* End XCBuildConfiguration section */

/* Begin XCConfigurationList section */
		8DBDE58625E152500011E489 /* Build configuration list for PBXProject "GetStockValues" */ = {
			isa = XCConfigurationList;
			buildConfigurations = (
				8DBDE59D25E152510011E489 /* Debug */,
				8DBDE59E25E152510011E489 /* Release */,
			);
			defaultConfigurationIsVisible = 0;
			defaultConfigurationName = Release;
		};
		8DBDE59F25E152510011E489 /* Build configuration list for PBXNativeTarget "GetStockValues" */ = {
			isa = XCConfigurationList;
			buildConfigurations = (
				8DBDE5A025E152510011E489 /* Debug */,
				8DBDE5A125E152510011E489 /* Release */,
			);
			defaultConfigurationIsVisible = 0;
			defaultConfigurationName = Release;
		};
/* End XCConfigurationList section */
	};
	rootObject = 8DBDE58325E152500011E489 /* Project object */;
}
